// !$*UTF8*$!
{
	archiveVersion = 1;
	classes = {
	};
	objectVersion = 50;
	objects = {

/* Begin PBXBuildFile section */
		555A1E48444669513AB001A8 /* Pods_AmplifyTestTests.framework in Frameworks */ = {isa = PBXBuildFile; fileRef = 972ADFFE2E1136EE92A18EEE /* Pods_AmplifyTestTests.framework */; };
		7205049DE8B2EE13655D52B2 /* Pods_AmplifyTest_AmplifyTestUITests.framework in Frameworks */ = {isa = PBXBuildFile; fileRef = 3860B9DB6725AF57259D2CCE /* Pods_AmplifyTest_AmplifyTestUITests.framework */; };
		93ECDDF92688BA3C0080C8B5 /* AppDelegate.swift in Sources */ = {isa = PBXBuildFile; fileRef = 93ECDDF82688BA3C0080C8B5 /* AppDelegate.swift */; };
		93ECDDFB2688BA3C0080C8B5 /* SceneDelegate.swift in Sources */ = {isa = PBXBuildFile; fileRef = 93ECDDFA2688BA3C0080C8B5 /* SceneDelegate.swift */; };
		93ECDDFD2688BA3C0080C8B5 /* ViewController.swift in Sources */ = {isa = PBXBuildFile; fileRef = 93ECDDFC2688BA3C0080C8B5 /* ViewController.swift */; };
		93ECDE002688BA3C0080C8B5 /* Main.storyboard in Resources */ = {isa = PBXBuildFile; fileRef = 93ECDDFE2688BA3C0080C8B5 /* Main.storyboard */; };
		93ECDE032688BA3C0080C8B5 /* AmplifyTest.xcdatamodeld in Sources */ = {isa = PBXBuildFile; fileRef = 93ECDE012688BA3C0080C8B5 /* AmplifyTest.xcdatamodeld */; };
		93ECDE052688BA480080C8B5 /* Assets.xcassets in Resources */ = {isa = PBXBuildFile; fileRef = 93ECDE042688BA480080C8B5 /* Assets.xcassets */; };
		93ECDE082688BA480080C8B5 /* LaunchScreen.storyboard in Resources */ = {isa = PBXBuildFile; fileRef = 93ECDE062688BA480080C8B5 /* LaunchScreen.storyboard */; };
		93ECDE132688BA480080C8B5 /* AmplifyTestTests.swift in Sources */ = {isa = PBXBuildFile; fileRef = 93ECDE122688BA480080C8B5 /* AmplifyTestTests.swift */; };
		93ECDE1E2688BA480080C8B5 /* AmplifyTestUITests.swift in Sources */ = {isa = PBXBuildFile; fileRef = 93ECDE1D2688BA480080C8B5 /* AmplifyTestUITests.swift */; };
		A5B50054937AD7D923F408AE /* Pods_AmplifyTest.framework in Frameworks */ = {isa = PBXBuildFile; fileRef = 6597512B381CB38EB6D59BDA /* Pods_AmplifyTest.framework */; };
/* End PBXBuildFile section */

/* Begin PBXContainerItemProxy section */
		93ECDE0F2688BA480080C8B5 /* PBXContainerItemProxy */ = {
			isa = PBXContainerItemProxy;
			containerPortal = 93ECDDED2688BA3C0080C8B5 /* Project object */;
			proxyType = 1;
			remoteGlobalIDString = 93ECDDF42688BA3C0080C8B5;
			remoteInfo = AmplifyTest;
		};
		93ECDE1A2688BA480080C8B5 /* PBXContainerItemProxy */ = {
			isa = PBXContainerItemProxy;
			containerPortal = 93ECDDED2688BA3C0080C8B5 /* Project object */;
			proxyType = 1;
			remoteGlobalIDString = 93ECDDF42688BA3C0080C8B5;
			remoteInfo = AmplifyTest;
		};
/* End PBXContainerItemProxy section */

/* Begin PBXFileReference section */
		028C3F6956C2516C3755B22A /* Pods-AmplifyTest.release.xcconfig */ = {isa = PBXFileReference; includeInIndex = 1; lastKnownFileType = text.xcconfig; name = "Pods-AmplifyTest.release.xcconfig"; path = "Target Support Files/Pods-AmplifyTest/Pods-AmplifyTest.release.xcconfig"; sourceTree = "<group>"; };
		28256927D28EDE17F2AF3A45 /* Pods-AmplifyTest.debug.xcconfig */ = {isa = PBXFileReference; includeInIndex = 1; lastKnownFileType = text.xcconfig; name = "Pods-AmplifyTest.debug.xcconfig"; path = "Target Support Files/Pods-AmplifyTest/Pods-AmplifyTest.debug.xcconfig"; sourceTree = "<group>"; };
		3860B9DB6725AF57259D2CCE /* Pods_AmplifyTest_AmplifyTestUITests.framework */ = {isa = PBXFileReference; explicitFileType = wrapper.framework; includeInIndex = 0; path = Pods_AmplifyTest_AmplifyTestUITests.framework; sourceTree = BUILT_PRODUCTS_DIR; };
		4A431628129A3B1B6FA3E64A /* Pods-AmplifyTestTests.debug.xcconfig */ = {isa = PBXFileReference; includeInIndex = 1; lastKnownFileType = text.xcconfig; name = "Pods-AmplifyTestTests.debug.xcconfig"; path = "Target Support Files/Pods-AmplifyTestTests/Pods-AmplifyTestTests.debug.xcconfig"; sourceTree = "<group>"; };
		6597512B381CB38EB6D59BDA /* Pods_AmplifyTest.framework */ = {isa = PBXFileReference; explicitFileType = wrapper.framework; includeInIndex = 0; path = Pods_AmplifyTest.framework; sourceTree = BUILT_PRODUCTS_DIR; };
		93ECDDF52688BA3C0080C8B5 /* AmplifyTest.app */ = {isa = PBXFileReference; explicitFileType = wrapper.application; includeInIndex = 0; path = AmplifyTest.app; sourceTree = BUILT_PRODUCTS_DIR; };
		93ECDDF82688BA3C0080C8B5 /* AppDelegate.swift */ = {isa = PBXFileReference; lastKnownFileType = sourcecode.swift; path = AppDelegate.swift; sourceTree = "<group>"; };
		93ECDDFA2688BA3C0080C8B5 /* SceneDelegate.swift */ = {isa = PBXFileReference; lastKnownFileType = sourcecode.swift; path = SceneDelegate.swift; sourceTree = "<group>"; };
		93ECDDFC2688BA3C0080C8B5 /* ViewController.swift */ = {isa = PBXFileReference; lastKnownFileType = sourcecode.swift; path = ViewController.swift; sourceTree = "<group>"; };
		93ECDDFF2688BA3C0080C8B5 /* Base */ = {isa = PBXFileReference; lastKnownFileType = file.storyboard; name = Base; path = Base.lproj/Main.storyboard; sourceTree = "<group>"; };
		93ECDE022688BA3C0080C8B5 /* AmplifyTest.xcdatamodel */ = {isa = PBXFileReference; lastKnownFileType = wrapper.xcdatamodel; path = AmplifyTest.xcdatamodel; sourceTree = "<group>"; };
		93ECDE042688BA480080C8B5 /* Assets.xcassets */ = {isa = PBXFileReference; lastKnownFileType = folder.assetcatalog; path = Assets.xcassets; sourceTree = "<group>"; };
		93ECDE072688BA480080C8B5 /* Base */ = {isa = PBXFileReference; lastKnownFileType = file.storyboard; name = Base; path = Base.lproj/LaunchScreen.storyboard; sourceTree = "<group>"; };
		93ECDE092688BA480080C8B5 /* Info.plist */ = {isa = PBXFileReference; lastKnownFileType = text.plist.xml; path = Info.plist; sourceTree = "<group>"; };
		93ECDE0E2688BA480080C8B5 /* AmplifyTestTests.xctest */ = {isa = PBXFileReference; explicitFileType = wrapper.cfbundle; includeInIndex = 0; path = AmplifyTestTests.xctest; sourceTree = BUILT_PRODUCTS_DIR; };
		93ECDE122688BA480080C8B5 /* AmplifyTestTests.swift */ = {isa = PBXFileReference; lastKnownFileType = sourcecode.swift; path = AmplifyTestTests.swift; sourceTree = "<group>"; };
		93ECDE142688BA480080C8B5 /* Info.plist */ = {isa = PBXFileReference; lastKnownFileType = text.plist.xml; path = Info.plist; sourceTree = "<group>"; };
		93ECDE192688BA480080C8B5 /* AmplifyTestUITests.xctest */ = {isa = PBXFileReference; explicitFileType = wrapper.cfbundle; includeInIndex = 0; path = AmplifyTestUITests.xctest; sourceTree = BUILT_PRODUCTS_DIR; };
		93ECDE1D2688BA480080C8B5 /* AmplifyTestUITests.swift */ = {isa = PBXFileReference; lastKnownFileType = sourcecode.swift; path = AmplifyTestUITests.swift; sourceTree = "<group>"; };
		93ECDE1F2688BA480080C8B5 /* Info.plist */ = {isa = PBXFileReference; lastKnownFileType = text.plist.xml; path = Info.plist; sourceTree = "<group>"; };
		972ADFFE2E1136EE92A18EEE /* Pods_AmplifyTestTests.framework */ = {isa = PBXFileReference; explicitFileType = wrapper.framework; includeInIndex = 0; path = Pods_AmplifyTestTests.framework; sourceTree = BUILT_PRODUCTS_DIR; };
		A03BA0596FB268B66B1125C4 /* Pods-AmplifyTestTests.release.xcconfig */ = {isa = PBXFileReference; includeInIndex = 1; lastKnownFileType = text.xcconfig; name = "Pods-AmplifyTestTests.release.xcconfig"; path = "Target Support Files/Pods-AmplifyTestTests/Pods-AmplifyTestTests.release.xcconfig"; sourceTree = "<group>"; };
		DA1836CC91F2A5F6F5D63B79 /* Pods-AmplifyTest-AmplifyTestUITests.debug.xcconfig */ = {isa = PBXFileReference; includeInIndex = 1; lastKnownFileType = text.xcconfig; name = "Pods-AmplifyTest-AmplifyTestUITests.debug.xcconfig"; path = "Target Support Files/Pods-AmplifyTest-AmplifyTestUITests/Pods-AmplifyTest-AmplifyTestUITests.debug.xcconfig"; sourceTree = "<group>"; };
		EB579B5EF0A39BA15325E6A6 /* Pods-AmplifyTest-AmplifyTestUITests.release.xcconfig */ = {isa = PBXFileReference; includeInIndex = 1; lastKnownFileType = text.xcconfig; name = "Pods-AmplifyTest-AmplifyTestUITests.release.xcconfig"; path = "Target Support Files/Pods-AmplifyTest-AmplifyTestUITests/Pods-AmplifyTest-AmplifyTestUITests.release.xcconfig"; sourceTree = "<group>"; };
/* End PBXFileReference section */

/* Begin PBXFrameworksBuildPhase section */
		93ECDDF22688BA3C0080C8B5 /* Frameworks */ = {
			isa = PBXFrameworksBuildPhase;
			buildActionMask = 2147483647;
			files = (
				A5B50054937AD7D923F408AE /* Pods_AmplifyTest.framework in Frameworks */,
			);
			runOnlyForDeploymentPostprocessing = 0;
		};
		93ECDE0B2688BA480080C8B5 /* Frameworks */ = {
			isa = PBXFrameworksBuildPhase;
			buildActionMask = 2147483647;
			files = (
				555A1E48444669513AB001A8 /* Pods_AmplifyTestTests.framework in Frameworks */,
			);
			runOnlyForDeploymentPostprocessing = 0;
		};
		93ECDE162688BA480080C8B5 /* Frameworks */ = {
			isa = PBXFrameworksBuildPhase;
			buildActionMask = 2147483647;
			files = (
				7205049DE8B2EE13655D52B2 /* Pods_AmplifyTest_AmplifyTestUITests.framework in Frameworks */,
			);
			runOnlyForDeploymentPostprocessing = 0;
		};
/* End PBXFrameworksBuildPhase section */

/* Begin PBXGroup section */
		7071BEC6FE77A33679A24D3E /* Pods */ = {
			isa = PBXGroup;
			children = (
				28256927D28EDE17F2AF3A45 /* Pods-AmplifyTest.debug.xcconfig */,
				028C3F6956C2516C3755B22A /* Pods-AmplifyTest.release.xcconfig */,
				DA1836CC91F2A5F6F5D63B79 /* Pods-AmplifyTest-AmplifyTestUITests.debug.xcconfig */,
				EB579B5EF0A39BA15325E6A6 /* Pods-AmplifyTest-AmplifyTestUITests.release.xcconfig */,
				4A431628129A3B1B6FA3E64A /* Pods-AmplifyTestTests.debug.xcconfig */,
				A03BA0596FB268B66B1125C4 /* Pods-AmplifyTestTests.release.xcconfig */,
			);
			name = Pods;
			path = Pods;
			sourceTree = "<group>";
		};
		93ECDDEC2688BA3C0080C8B5 = {
			isa = PBXGroup;
			children = (
				93ECDDF72688BA3C0080C8B5 /* AmplifyTest */,
				93ECDE112688BA480080C8B5 /* AmplifyTestTests */,
				93ECDE1C2688BA480080C8B5 /* AmplifyTestUITests */,
				93ECDDF62688BA3C0080C8B5 /* Products */,
				7071BEC6FE77A33679A24D3E /* Pods */,
				FD053F9D75D38D52D14BDFF3 /* Frameworks */,
			);
			sourceTree = "<group>";
		};
		93ECDDF62688BA3C0080C8B5 /* Products */ = {
			isa = PBXGroup;
			children = (
				93ECDDF52688BA3C0080C8B5 /* AmplifyTest.app */,
				93ECDE0E2688BA480080C8B5 /* AmplifyTestTests.xctest */,
				93ECDE192688BA480080C8B5 /* AmplifyTestUITests.xctest */,
			);
			name = Products;
			sourceTree = "<group>";
		};
		93ECDDF72688BA3C0080C8B5 /* AmplifyTest */ = {
			isa = PBXGroup;
			children = (
				93ECDDF82688BA3C0080C8B5 /* AppDelegate.swift */,
				93ECDDFA2688BA3C0080C8B5 /* SceneDelegate.swift */,
				93ECDDFC2688BA3C0080C8B5 /* ViewController.swift */,
				93ECDDFE2688BA3C0080C8B5 /* Main.storyboard */,
				93ECDE042688BA480080C8B5 /* Assets.xcassets */,
				93ECDE062688BA480080C8B5 /* LaunchScreen.storyboard */,
				93ECDE092688BA480080C8B5 /* Info.plist */,
				93ECDE012688BA3C0080C8B5 /* AmplifyTest.xcdatamodeld */,
			);
			path = AmplifyTest;
			sourceTree = "<group>";
		};
		93ECDE112688BA480080C8B5 /* AmplifyTestTests */ = {
			isa = PBXGroup;
			children = (
				93ECDE122688BA480080C8B5 /* AmplifyTestTests.swift */,
				93ECDE142688BA480080C8B5 /* Info.plist */,
			);
			path = AmplifyTestTests;
			sourceTree = "<group>";
		};
		93ECDE1C2688BA480080C8B5 /* AmplifyTestUITests */ = {
			isa = PBXGroup;
			children = (
				93ECDE1D2688BA480080C8B5 /* AmplifyTestUITests.swift */,
				93ECDE1F2688BA480080C8B5 /* Info.plist */,
			);
			path = AmplifyTestUITests;
			sourceTree = "<group>";
		};
		FD053F9D75D38D52D14BDFF3 /* Frameworks */ = {
			isa = PBXGroup;
			children = (
				6597512B381CB38EB6D59BDA /* Pods_AmplifyTest.framework */,
				3860B9DB6725AF57259D2CCE /* Pods_AmplifyTest_AmplifyTestUITests.framework */,
				972ADFFE2E1136EE92A18EEE /* Pods_AmplifyTestTests.framework */,
			);
			name = Frameworks;
			sourceTree = "<group>";
		};
/* End PBXGroup section */

/* Begin PBXNativeTarget section */
		93ECDDF42688BA3C0080C8B5 /* AmplifyTest */ = {
			isa = PBXNativeTarget;
			buildConfigurationList = 93ECDE222688BA480080C8B5 /* Build configuration list for PBXNativeTarget "AmplifyTest" */;
			buildPhases = (
				9A7127D7AEE3A3475FE796A5 /* [CP] Check Pods Manifest.lock */,
				93ECDDF12688BA3C0080C8B5 /* Sources */,
				93ECDDF22688BA3C0080C8B5 /* Frameworks */,
				93ECDDF32688BA3C0080C8B5 /* Resources */,
				4A9711C886DFEFA2C1168EB7 /* [CP] Embed Pods Frameworks */,
			);
			buildRules = (
			);
			dependencies = (
			);
			name = AmplifyTest;
			productName = AmplifyTest;
			productReference = 93ECDDF52688BA3C0080C8B5 /* AmplifyTest.app */;
			productType = "com.apple.product-type.application";
		};
		93ECDE0D2688BA480080C8B5 /* AmplifyTestTests */ = {
			isa = PBXNativeTarget;
			buildConfigurationList = 93ECDE252688BA480080C8B5 /* Build configuration list for PBXNativeTarget "AmplifyTestTests" */;
			buildPhases = (
				0E392371EACAEDF15C5B7338 /* [CP] Check Pods Manifest.lock */,
				93ECDE0A2688BA480080C8B5 /* Sources */,
				93ECDE0B2688BA480080C8B5 /* Frameworks */,
				93ECDE0C2688BA480080C8B5 /* Resources */,
			);
			buildRules = (
			);
			dependencies = (
				93ECDE102688BA480080C8B5 /* PBXTargetDependency */,
			);
			name = AmplifyTestTests;
			productName = AmplifyTestTests;
			productReference = 93ECDE0E2688BA480080C8B5 /* AmplifyTestTests.xctest */;
			productType = "com.apple.product-type.bundle.unit-test";
		};
		93ECDE182688BA480080C8B5 /* AmplifyTestUITests */ = {
			isa = PBXNativeTarget;
			buildConfigurationList = 93ECDE282688BA480080C8B5 /* Build configuration list for PBXNativeTarget "AmplifyTestUITests" */;
			buildPhases = (
				AA2F6DE9D39A86AFD7C9635E /* [CP] Check Pods Manifest.lock */,
				93ECDE152688BA480080C8B5 /* Sources */,
				93ECDE162688BA480080C8B5 /* Frameworks */,
				93ECDE172688BA480080C8B5 /* Resources */,
				2D4919208A7C10D4A44B8B14 /* [CP] Embed Pods Frameworks */,
			);
			buildRules = (
			);
			dependencies = (
				93ECDE1B2688BA480080C8B5 /* PBXTargetDependency */,
			);
			name = AmplifyTestUITests;
			productName = AmplifyTestUITests;
			productReference = 93ECDE192688BA480080C8B5 /* AmplifyTestUITests.xctest */;
			productType = "com.apple.product-type.bundle.ui-testing";
		};
/* End PBXNativeTarget section */

/* Begin PBXProject section */
		93ECDDED2688BA3C0080C8B5 /* Project object */ = {
			isa = PBXProject;
			attributes = {
				LastSwiftUpdateCheck = 1240;
				LastUpgradeCheck = 1240;
				TargetAttributes = {
					93ECDDF42688BA3C0080C8B5 = {
						CreatedOnToolsVersion = 12.4;
					};
					93ECDE0D2688BA480080C8B5 = {
						CreatedOnToolsVersion = 12.4;
						TestTargetID = 93ECDDF42688BA3C0080C8B5;
					};
					93ECDE182688BA480080C8B5 = {
						CreatedOnToolsVersion = 12.4;
						TestTargetID = 93ECDDF42688BA3C0080C8B5;
					};
				};
			};
			buildConfigurationList = 93ECDDF02688BA3C0080C8B5 /* Build configuration list for PBXProject "AmplifyTest" */;
			compatibilityVersion = "Xcode 9.3";
			developmentRegion = en;
			hasScannedForEncodings = 0;
			knownRegions = (
				en,
				Base,
			);
			mainGroup = 93ECDDEC2688BA3C0080C8B5;
			productRefGroup = 93ECDDF62688BA3C0080C8B5 /* Products */;
			projectDirPath = "";
			projectRoot = "";
			targets = (
				93ECDDF42688BA3C0080C8B5 /* AmplifyTest */,
				93ECDE0D2688BA480080C8B5 /* AmplifyTestTests */,
				93ECDE182688BA480080C8B5 /* AmplifyTestUITests */,
			);
		};
/* End PBXProject section */

/* Begin PBXResourcesBuildPhase section */
		93ECDDF32688BA3C0080C8B5 /* Resources */ = {
			isa = PBXResourcesBuildPhase;
			buildActionMask = 2147483647;
			files = (
				93ECDE082688BA480080C8B5 /* LaunchScreen.storyboard in Resources */,
				93ECDE052688BA480080C8B5 /* Assets.xcassets in Resources */,
				93ECDE002688BA3C0080C8B5 /* Main.storyboard in Resources */,
			);
			runOnlyForDeploymentPostprocessing = 0;
		};
		93ECDE0C2688BA480080C8B5 /* Resources */ = {
			isa = PBXResourcesBuildPhase;
			buildActionMask = 2147483647;
			files = (
			);
			runOnlyForDeploymentPostprocessing = 0;
		};
		93ECDE172688BA480080C8B5 /* Resources */ = {
			isa = PBXResourcesBuildPhase;
			buildActionMask = 2147483647;
			files = (
			);
			runOnlyForDeploymentPostprocessing = 0;
		};
/* End PBXResourcesBuildPhase section */

/* Begin PBXShellScriptBuildPhase section */
		0E392371EACAEDF15C5B7338 /* [CP] Check Pods Manifest.lock */ = {
			isa = PBXShellScriptBuildPhase;
			buildActionMask = 2147483647;
			files = (
			);
			inputFileListPaths = (
			);
			inputPaths = (
				"${PODS_PODFILE_DIR_PATH}/Podfile.lock",
				"${PODS_ROOT}/Manifest.lock",
			);
			name = "[CP] Check Pods Manifest.lock";
			outputFileListPaths = (
			);
			outputPaths = (
				"$(DERIVED_FILE_DIR)/Pods-AmplifyTestTests-checkManifestLockResult.txt",
			);
			runOnlyForDeploymentPostprocessing = 0;
			shellPath = /bin/sh;
			shellScript = "diff \"${PODS_PODFILE_DIR_PATH}/Podfile.lock\" \"${PODS_ROOT}/Manifest.lock\" > /dev/null\nif [ $? != 0 ] ; then\n    # print error to STDERR\n    echo \"error: The sandbox is not in sync with the Podfile.lock. Run 'pod install' or update your CocoaPods installation.\" >&2\n    exit 1\nfi\n# This output is used by Xcode 'outputs' to avoid re-running this script phase.\necho \"SUCCESS\" > \"${SCRIPT_OUTPUT_FILE_0}\"\n";
			showEnvVarsInLog = 0;
		};
		2D4919208A7C10D4A44B8B14 /* [CP] Embed Pods Frameworks */ = {
			isa = PBXShellScriptBuildPhase;
			buildActionMask = 2147483647;
			files = (
			);
			inputFileListPaths = (
				"${PODS_ROOT}/Target Support Files/Pods-AmplifyTest-AmplifyTestUITests/Pods-AmplifyTest-AmplifyTestUITests-frameworks-${CONFIGURATION}-input-files.xcfilelist",
			);
			name = "[CP] Embed Pods Frameworks";
			outputFileListPaths = (
				"${PODS_ROOT}/Target Support Files/Pods-AmplifyTest-AmplifyTestUITests/Pods-AmplifyTest-AmplifyTestUITests-frameworks-${CONFIGURATION}-output-files.xcfilelist",
			);
			runOnlyForDeploymentPostprocessing = 0;
			shellPath = /bin/sh;
			shellScript = "\"${PODS_ROOT}/Target Support Files/Pods-AmplifyTest-AmplifyTestUITests/Pods-AmplifyTest-AmplifyTestUITests-frameworks.sh\"\n";
			showEnvVarsInLog = 0;
		};
		4A9711C886DFEFA2C1168EB7 /* [CP] Embed Pods Frameworks */ = {
			isa = PBXShellScriptBuildPhase;
			buildActionMask = 2147483647;
			files = (
			);
			inputFileListPaths = (
				"${PODS_ROOT}/Target Support Files/Pods-AmplifyTest/Pods-AmplifyTest-frameworks-${CONFIGURATION}-input-files.xcfilelist",
			);
			name = "[CP] Embed Pods Frameworks";
			outputFileListPaths = (
				"${PODS_ROOT}/Target Support Files/Pods-AmplifyTest/Pods-AmplifyTest-frameworks-${CONFIGURATION}-output-files.xcfilelist",
			);
			runOnlyForDeploymentPostprocessing = 0;
			shellPath = /bin/sh;
			shellScript = "\"${PODS_ROOT}/Target Support Files/Pods-AmplifyTest/Pods-AmplifyTest-frameworks.sh\"\n";
			showEnvVarsInLog = 0;
		};
		9A7127D7AEE3A3475FE796A5 /* [CP] Check Pods Manifest.lock */ = {
			isa = PBXShellScriptBuildPhase;
			buildActionMask = 2147483647;
			files = (
			);
			inputFileListPaths = (
			);
			inputPaths = (
				"${PODS_PODFILE_DIR_PATH}/Podfile.lock",
				"${PODS_ROOT}/Manifest.lock",
			);
			name = "[CP] Check Pods Manifest.lock";
			outputFileListPaths = (
			);
			outputPaths = (
				"$(DERIVED_FILE_DIR)/Pods-AmplifyTest-checkManifestLockResult.txt",
			);
			runOnlyForDeploymentPostprocessing = 0;
			shellPath = /bin/sh;
			shellScript = "diff \"${PODS_PODFILE_DIR_PATH}/Podfile.lock\" \"${PODS_ROOT}/Manifest.lock\" > /dev/null\nif [ $? != 0 ] ; then\n    # print error to STDERR\n    echo \"error: The sandbox is not in sync with the Podfile.lock. Run 'pod install' or update your CocoaPods installation.\" >&2\n    exit 1\nfi\n# This output is used by Xcode 'outputs' to avoid re-running this script phase.\necho \"SUCCESS\" > \"${SCRIPT_OUTPUT_FILE_0}\"\n";
			showEnvVarsInLog = 0;
		};
		AA2F6DE9D39A86AFD7C9635E /* [CP] Check Pods Manifest.lock */ = {
			isa = PBXShellScriptBuildPhase;
			buildActionMask = 2147483647;
			files = (
			);
			inputFileListPaths = (
			);
			inputPaths = (
				"${PODS_PODFILE_DIR_PATH}/Podfile.lock",
				"${PODS_ROOT}/Manifest.lock",
			);
			name = "[CP] Check Pods Manifest.lock";
			outputFileListPaths = (
			);
			outputPaths = (
				"$(DERIVED_FILE_DIR)/Pods-AmplifyTest-AmplifyTestUITests-checkManifestLockResult.txt",
			);
			runOnlyForDeploymentPostprocessing = 0;
			shellPath = /bin/sh;
			shellScript = "diff \"${PODS_PODFILE_DIR_PATH}/Podfile.lock\" \"${PODS_ROOT}/Manifest.lock\" > /dev/null\nif [ $? != 0 ] ; then\n    # print error to STDERR\n    echo \"error: The sandbox is not in sync with the Podfile.lock. Run 'pod install' or update your CocoaPods installation.\" >&2\n    exit 1\nfi\n# This output is used by Xcode 'outputs' to avoid re-running this script phase.\necho \"SUCCESS\" > \"${SCRIPT_OUTPUT_FILE_0}\"\n";
			showEnvVarsInLog = 0;
		};
/* End PBXShellScriptBuildPhase section */

/* Begin PBXSourcesBuildPhase section */
		93ECDDF12688BA3C0080C8B5 /* Sources */ = {
			isa = PBXSourcesBuildPhase;
			buildActionMask = 2147483647;
			files = (
				93ECDDFD2688BA3C0080C8B5 /* ViewController.swift in Sources */,
				93ECDDF92688BA3C0080C8B5 /* AppDelegate.swift in Sources */,
				93ECDE032688BA3C0080C8B5 /* AmplifyTest.xcdatamodeld in Sources */,
				93ECDDFB2688BA3C0080C8B5 /* SceneDelegate.swift in Sources */,
			);
			runOnlyForDeploymentPostprocessing = 0;
		};
		93ECDE0A2688BA480080C8B5 /* Sources */ = {
			isa = PBXSourcesBuildPhase;
			buildActionMask = 2147483647;
			files = (
				93ECDE132688BA480080C8B5 /* AmplifyTestTests.swift in Sources */,
			);
			runOnlyForDeploymentPostprocessing = 0;
		};
		93ECDE152688BA480080C8B5 /* Sources */ = {
			isa = PBXSourcesBuildPhase;
			buildActionMask = 2147483647;
			files = (
				93ECDE1E2688BA480080C8B5 /* AmplifyTestUITests.swift in Sources */,
			);
			runOnlyForDeploymentPostprocessing = 0;
		};
/* End PBXSourcesBuildPhase section */

/* Begin PBXTargetDependency section */
		93ECDE102688BA480080C8B5 /* PBXTargetDependency */ = {
			isa = PBXTargetDependency;
			target = 93ECDDF42688BA3C0080C8B5 /* AmplifyTest */;
			targetProxy = 93ECDE0F2688BA480080C8B5 /* PBXContainerItemProxy */;
		};
		93ECDE1B2688BA480080C8B5 /* PBXTargetDependency */ = {
			isa = PBXTargetDependency;
			target = 93ECDDF42688BA3C0080C8B5 /* AmplifyTest */;
			targetProxy = 93ECDE1A2688BA480080C8B5 /* PBXContainerItemProxy */;
		};
/* End PBXTargetDependency section */

/* Begin PBXVariantGroup section */
		93ECDDFE2688BA3C0080C8B5 /* Main.storyboard */ = {
			isa = PBXVariantGroup;
			children = (
				93ECDDFF2688BA3C0080C8B5 /* Base */,
			);
			name = Main.storyboard;
			sourceTree = "<group>";
		};
		93ECDE062688BA480080C8B5 /* LaunchScreen.storyboard */ = {
			isa = PBXVariantGroup;
			children = (
				93ECDE072688BA480080C8B5 /* Base */,
			);
			name = LaunchScreen.storyboard;
			sourceTree = "<group>";
		};
/* End PBXVariantGroup section */

/* Begin XCBuildConfiguration section */
		93ECDE202688BA480080C8B5 /* Debug */ = {
			isa = XCBuildConfiguration;
			buildSettings = {
				ALWAYS_SEARCH_USER_PATHS = NO;
				CLANG_ANALYZER_NONNULL = YES;
				CLANG_ANALYZER_NUMBER_OBJECT_CONVERSION = YES_AGGRESSIVE;
				CLANG_CXX_LANGUAGE_STANDARD = "gnu++14";
				CLANG_CXX_LIBRARY = "libc++";
				CLANG_ENABLE_MODULES = YES;
				CLANG_ENABLE_OBJC_ARC = YES;
				CLANG_ENABLE_OBJC_WEAK = YES;
				CLANG_WARN_BLOCK_CAPTURE_AUTORELEASING = YES;
				CLANG_WARN_BOOL_CONVERSION = YES;
				CLANG_WARN_COMMA = YES;
				CLANG_WARN_CONSTANT_CONVERSION = YES;
				CLANG_WARN_DEPRECATED_OBJC_IMPLEMENTATIONS = YES;
				CLANG_WARN_DIRECT_OBJC_ISA_USAGE = YES_ERROR;
				CLANG_WARN_DOCUMENTATION_COMMENTS = YES;
				CLANG_WARN_EMPTY_BODY = YES;
				CLANG_WARN_ENUM_CONVERSION = YES;
				CLANG_WARN_INFINITE_RECURSION = YES;
				CLANG_WARN_INT_CONVERSION = YES;
				CLANG_WARN_NON_LITERAL_NULL_CONVERSION = YES;
				CLANG_WARN_OBJC_IMPLICIT_RETAIN_SELF = YES;
				CLANG_WARN_OBJC_LITERAL_CONVERSION = YES;
				CLANG_WARN_OBJC_ROOT_CLASS = YES_ERROR;
				CLANG_WARN_QUOTED_INCLUDE_IN_FRAMEWORK_HEADER = YES;
				CLANG_WARN_RANGE_LOOP_ANALYSIS = YES;
				CLANG_WARN_STRICT_PROTOTYPES = YES;
				CLANG_WARN_SUSPICIOUS_MOVE = YES;
				CLANG_WARN_UNGUARDED_AVAILABILITY = YES_AGGRESSIVE;
				CLANG_WARN_UNREACHABLE_CODE = YES;
				CLANG_WARN__DUPLICATE_METHOD_MATCH = YES;
				COPY_PHASE_STRIP = NO;
				DEBUG_INFORMATION_FORMAT = dwarf;
				ENABLE_STRICT_OBJC_MSGSEND = YES;
				ENABLE_TESTABILITY = YES;
				GCC_C_LANGUAGE_STANDARD = gnu11;
				GCC_DYNAMIC_NO_PIC = NO;
				GCC_NO_COMMON_BLOCKS = YES;
				GCC_OPTIMIZATION_LEVEL = 0;
				GCC_PREPROCESSOR_DEFINITIONS = (
					"DEBUG=1",
					"$(inherited)",
				);
				GCC_WARN_64_TO_32_BIT_CONVERSION = YES;
				GCC_WARN_ABOUT_RETURN_TYPE = YES_ERROR;
				GCC_WARN_UNDECLARED_SELECTOR = YES;
				GCC_WARN_UNINITIALIZED_AUTOS = YES_AGGRESSIVE;
				GCC_WARN_UNUSED_FUNCTION = YES;
				GCC_WARN_UNUSED_VARIABLE = YES;
				IPHONEOS_DEPLOYMENT_TARGET = 14.4;
				MTL_ENABLE_DEBUG_INFO = INCLUDE_SOURCE;
				MTL_FAST_MATH = YES;
				ONLY_ACTIVE_ARCH = YES;
				SDKROOT = iphoneos;
				SWIFT_ACTIVE_COMPILATION_CONDITIONS = DEBUG;
				SWIFT_OPTIMIZATION_LEVEL = "-Onone";
			};
			name = Debug;
		};
		93ECDE212688BA480080C8B5 /* Release */ = {
			isa = XCBuildConfiguration;
			buildSettings = {
				ALWAYS_SEARCH_USER_PATHS = NO;
				CLANG_ANALYZER_NONNULL = YES;
				CLANG_ANALYZER_NUMBER_OBJECT_CONVERSION = YES_AGGRESSIVE;
				CLANG_CXX_LANGUAGE_STANDARD = "gnu++14";
				CLANG_CXX_LIBRARY = "libc++";
				CLANG_ENABLE_MODULES = YES;
				CLANG_ENABLE_OBJC_ARC = YES;
				CLANG_ENABLE_OBJC_WEAK = YES;
				CLANG_WARN_BLOCK_CAPTURE_AUTORELEASING = YES;
				CLANG_WARN_BOOL_CONVERSION = YES;
				CLANG_WARN_COMMA = YES;
				CLANG_WARN_CONSTANT_CONVERSION = YES;
				CLANG_WARN_DEPRECATED_OBJC_IMPLEMENTATIONS = YES;
				CLANG_WARN_DIRECT_OBJC_ISA_USAGE = YES_ERROR;
				CLANG_WARN_DOCUMENTATION_COMMENTS = YES;
				CLANG_WARN_EMPTY_BODY = YES;
				CLANG_WARN_ENUM_CONVERSION = YES;
				CLANG_WARN_INFINITE_RECURSION = YES;
				CLANG_WARN_INT_CONVERSION = YES;
				CLANG_WARN_NON_LITERAL_NULL_CONVERSION = YES;
				CLANG_WARN_OBJC_IMPLICIT_RETAIN_SELF = YES;
				CLANG_WARN_OBJC_LITERAL_CONVERSION = YES;
				CLANG_WARN_OBJC_ROOT_CLASS = YES_ERROR;
				CLANG_WARN_QUOTED_INCLUDE_IN_FRAMEWORK_HEADER = YES;
				CLANG_WARN_RANGE_LOOP_ANALYSIS = YES;
				CLANG_WARN_STRICT_PROTOTYPES = YES;
				CLANG_WARN_SUSPICIOUS_MOVE = YES;
				CLANG_WARN_UNGUARDED_AVAILABILITY = YES_AGGRESSIVE;
				CLANG_WARN_UNREACHABLE_CODE = YES;
				CLANG_WARN__DUPLICATE_METHOD_MATCH = YES;
				COPY_PHASE_STRIP = NO;
				DEBUG_INFORMATION_FORMAT = "dwarf-with-dsym";
				ENABLE_NS_ASSERTIONS = NO;
				ENABLE_STRICT_OBJC_MSGSEND = YES;
				GCC_C_LANGUAGE_STANDARD = gnu11;
				GCC_NO_COMMON_BLOCKS = YES;
				GCC_WARN_64_TO_32_BIT_CONVERSION = YES;
				GCC_WARN_ABOUT_RETURN_TYPE = YES_ERROR;
				GCC_WARN_UNDECLARED_SELECTOR = YES;
				GCC_WARN_UNINITIALIZED_AUTOS = YES_AGGRESSIVE;
				GCC_WARN_UNUSED_FUNCTION = YES;
				GCC_WARN_UNUSED_VARIABLE = YES;
				IPHONEOS_DEPLOYMENT_TARGET = 14.4;
				MTL_ENABLE_DEBUG_INFO = NO;
				MTL_FAST_MATH = YES;
				SDKROOT = iphoneos;
				SWIFT_COMPILATION_MODE = wholemodule;
				SWIFT_OPTIMIZATION_LEVEL = "-O";
				VALIDATE_PRODUCT = YES;
			};
			name = Release;
		};
		93ECDE232688BA480080C8B5 /* Debug */ = {
			isa = XCBuildConfiguration;
			baseConfigurationReference = 28256927D28EDE17F2AF3A45 /* Pods-AmplifyTest.debug.xcconfig */;
			buildSettings = {
				ASSETCATALOG_COMPILER_APPICON_NAME = AppIcon;
				ASSETCATALOG_COMPILER_GLOBAL_ACCENT_COLOR_NAME = AccentColor;
				CODE_SIGN_STYLE = Automatic;
				DEVELOPMENT_TEAM = KN4N2EDL5U;
				INFOPLIST_FILE = AmplifyTest/Info.plist;
				LD_RUNPATH_SEARCH_PATHS = (
					"$(inherited)",
					"@executable_path/Frameworks",
				);
				PRODUCT_BUNDLE_IDENTIFIER = com.LPB.AmplifyTest;
				PRODUCT_NAME = "$(TARGET_NAME)";
				SWIFT_VERSION = 5.0;
				TARGETED_DEVICE_FAMILY = "1,2";
			};
			name = Debug;
		};
		93ECDE242688BA480080C8B5 /* Release */ = {
			isa = XCBuildConfiguration;
			baseConfigurationReference = 028C3F6956C2516C3755B22A /* Pods-AmplifyTest.release.xcconfig */;
			buildSettings = {
				ASSETCATALOG_COMPILER_APPICON_NAME = AppIcon;
				ASSETCATALOG_COMPILER_GLOBAL_ACCENT_COLOR_NAME = AccentColor;
				CODE_SIGN_STYLE = Automatic;
				DEVELOPMENT_TEAM = KN4N2EDL5U;
				INFOPLIST_FILE = AmplifyTest/Info.plist;
				LD_RUNPATH_SEARCH_PATHS = (
					"$(inherited)",
					"@executable_path/Frameworks",
				);
				PRODUCT_BUNDLE_IDENTIFIER = com.LPB.AmplifyTest;
				PRODUCT_NAME = "$(TARGET_NAME)";
				SWIFT_VERSION = 5.0;
				TARGETED_DEVICE_FAMILY = "1,2";
			};
			name = Release;
		};
		93ECDE262688BA480080C8B5 /* Debug */ = {
			isa = XCBuildConfiguration;
			baseConfigurationReference = 4A431628129A3B1B6FA3E64A /* Pods-AmplifyTestTests.debug.xcconfig */;
			buildSettings = {
				ALWAYS_EMBED_SWIFT_STANDARD_LIBRARIES = YES;
				BUNDLE_LOADER = "$(TEST_HOST)";
				CODE_SIGN_STYLE = Automatic;
				DEVELOPMENT_TEAM = KN4N2EDL5U;
				INFOPLIST_FILE = AmplifyTestTests/Info.plist;
				IPHONEOS_DEPLOYMENT_TARGET = 14.4;
				LD_RUNPATH_SEARCH_PATHS = (
					"$(inherited)",
					"@executable_path/Frameworks",
					"@loader_path/Frameworks",
				);
				PRODUCT_BUNDLE_IDENTIFIER = com.LPB.AmplifyTestTests;
				PRODUCT_NAME = "$(TARGET_NAME)";
				SWIFT_VERSION = 5.0;
				TARGETED_DEVICE_FAMILY = "1,2";
				TEST_HOST = "$(BUILT_PRODUCTS_DIR)/AmplifyTest.app/AmplifyTest";
			};
			name = Debug;
		};
		93ECDE272688BA480080C8B5 /* Release */ = {
			isa = XCBuildConfiguration;
			baseConfigurationReference = A03BA0596FB268B66B1125C4 /* Pods-AmplifyTestTests.release.xcconfig */;
			buildSettings = {
				ALWAYS_EMBED_SWIFT_STANDARD_LIBRARIES = YES;
				BUNDLE_LOADER = "$(TEST_HOST)";
				CODE_SIGN_STYLE = Automatic;
				DEVELOPMENT_TEAM = KN4N2EDL5U;
				INFOPLIST_FILE = AmplifyTestTests/Info.plist;
				IPHONEOS_DEPLOYMENT_TARGET = 14.4;
				LD_RUNPATH_SEARCH_PATHS = (
					"$(inherited)",
					"@executable_path/Frameworks",
					"@loader_path/Frameworks",
				);
				PRODUCT_BUNDLE_IDENTIFIER = com.LPB.AmplifyTestTests;
				PRODUCT_NAME = "$(TARGET_NAME)";
				SWIFT_VERSION = 5.0;
				TARGETED_DEVICE_FAMILY = "1,2";
				TEST_HOST = "$(BUILT_PRODUCTS_DIR)/AmplifyTest.app/AmplifyTest";
			};
			name = Release;
		};
		93ECDE292688BA480080C8B5 /* Debug */ = {
			isa = XCBuildConfiguration;
			baseConfigurationReference = DA1836CC91F2A5F6F5D63B79 /* Pods-AmplifyTest-AmplifyTestUITests.debug.xcconfig */;
			buildSettings = {
				ALWAYS_EMBED_SWIFT_STANDARD_LIBRARIES = YES;
				CODE_SIGN_STYLE = Automatic;
				DEVELOPMENT_TEAM = KN4N2EDL5U;
				INFOPLIST_FILE = AmplifyTestUITests/Info.plist;
				LD_RUNPATH_SEARCH_PATHS = (
					"$(inherited)",
					"@executable_path/Frameworks",
					"@loader_path/Frameworks",
				);
				PRODUCT_BUNDLE_IDENTIFIER = com.LPB.AmplifyTestUITests;
				PRODUCT_NAME = "$(TARGET_NAME)";
				SWIFT_VERSION = 5.0;
				TARGETED_DEVICE_FAMILY = "1,2";
				TEST_TARGET_NAME = AmplifyTest;
			};
			name = Debug;
		};
		93ECDE2A2688BA480080C8B5 /* Release */ = {
			isa = XCBuildConfiguration;
			baseConfigurationReference = EB579B5EF0A39BA15325E6A6 /* Pods-AmplifyTest-AmplifyTestUITests.release.xcconfig */;
			buildSettings = {
				ALWAYS_EMBED_SWIFT_STANDARD_LIBRARIES = YES;
				CODE_SIGN_STYLE = Automatic;
				DEVELOPMENT_TEAM = KN4N2EDL5U;
				INFOPLIST_FILE = AmplifyTestUITests/Info.plist;
				LD_RUNPATH_SEARCH_PATHS = (
					"$(inherited)",
					"@executable_path/Frameworks",
					"@loader_path/Frameworks",
				);
				PRODUCT_BUNDLE_IDENTIFIER = com.LPB.AmplifyTestUITests;
				PRODUCT_NAME = "$(TARGET_NAME)";
				SWIFT_VERSION = 5.0;
				TARGETED_DEVICE_FAMILY = "1,2";
				TEST_TARGET_NAME = AmplifyTest;
			};
			name = Release;
		};
/* End XCBuildConfiguration section */

/* Begin XCConfigurationList section */
		93ECDDF02688BA3C0080C8B5 /* Build configuration list for PBXProject "AmplifyTest" */ = {
			isa = XCConfigurationList;
			buildConfigurations = (
				93ECDE202688BA480080C8B5 /* Debug */,
				93ECDE212688BA480080C8B5 /* Release */,
			);
			defaultConfigurationIsVisible = 0;
			defaultConfigurationName = Release;
		};
		93ECDE222688BA480080C8B5 /* Build configuration list for PBXNativeTarget "AmplifyTest" */ = {
			isa = XCConfigurationList;
			buildConfigurations = (
				93ECDE232688BA480080C8B5 /* Debug */,
				93ECDE242688BA480080C8B5 /* Release */,
			);
			defaultConfigurationIsVisible = 0;
			defaultConfigurationName = Release;
		};
		93ECDE252688BA480080C8B5 /* Build configuration list for PBXNativeTarget "AmplifyTestTests" */ = {
			isa = XCConfigurationList;
			buildConfigurations = (
				93ECDE262688BA480080C8B5 /* Debug */,
				93ECDE272688BA480080C8B5 /* Release */,
			);
			defaultConfigurationIsVisible = 0;
			defaultConfigurationName = Release;
		};
		93ECDE282688BA480080C8B5 /* Build configuration list for PBXNativeTarget "AmplifyTestUITests" */ = {
			isa = XCConfigurationList;
			buildConfigurations = (
				93ECDE292688BA480080C8B5 /* Debug */,
				93ECDE2A2688BA480080C8B5 /* Release */,
			);
			defaultConfigurationIsVisible = 0;
			defaultConfigurationName = Release;
		};
/* End XCConfigurationList section */

/* Begin XCVersionGroup section */
		93ECDE012688BA3C0080C8B5 /* AmplifyTest.xcdatamodeld */ = {
			isa = XCVersionGroup;
			children = (
				93ECDE022688BA3C0080C8B5 /* AmplifyTest.xcdatamodel */,
			);
			currentVersion = 93ECDE022688BA3C0080C8B5 /* AmplifyTest.xcdatamodel */;
			path = AmplifyTest.xcdatamodeld;
			sourceTree = "<group>";
			versionGroupType = wrapper.xcdatamodel;
		};
/* End XCVersionGroup section */
	};
	rootObject = 93ECDDED2688BA3C0080C8B5 /* Project object */;
}
